# This file is automatically @generated by Cargo.
# It is not intended for manual editing.
version = 3

[[package]]
name = "phase0"
version = "0.1.0"

[[package]]
name = "phase1"
version = "0.1.0"

[[package]]
name = "phase2"
version = "0.1.0"

[[package]]
name = "phase2_example"
version = "0.1.0"

[[package]]
name = "phase3"
version = "0.1.0"

[[package]]
name = "phase4"
version = "0.1.0"
